
Microsoft Visual Studio Solution File, Format Version 12.00
# Visual Studio Version 16
VisualStudioVersion = 16.0.30128.74
MinimumVisualStudioVersion = 10.0.40219.1
Project("{9A19103F-16F7-4668-BE54-9A1E7A4F7556}") = "knowhow Drive", "KnowledgeDrive\knowhow Drive.csproj", "{F8E7A21C-8409-4716-A220-EF4EF6C0790F}"
EndProject
Project("{FAE04EC0-301F-11D3-BF4B-00C04F79EFBC}") = "knowhow Data Fetch", "GoogleDriveIntegration\knowhow Data Fetch.csproj", "{342283E6-0222-4D9B-8E62-0EC4B4F8DE4B}"
EndProject
Global
	GlobalSection(SolutionConfigurationPlatforms) = preSolution
		Debug|Any CPU = Debug|Any CPU
		Release|Any CPU = Release|Any CPU
	EndGlobalSection
	GlobalSection(ProjectConfigurationPlatforms) = postSolution
		{F8E7A21C-8409-4716-A220-EF4EF6C0790F}.Debug|Any CPU.ActiveCfg = Debug|Any CPU
		{F8E7A21C-8409-4716-A220-EF4EF6C0790F}.Debug|Any CPU.Build.0 = Debug|Any CPU
		{F8E7A21C-8409-4716-A220-EF4EF6C0790F}.Release|Any CPU.ActiveCfg = Release|Any CPU
		{F8E7A21C-8409-4716-A220-EF4EF6C0790F}.Release|Any CPU.Build.0 = Release|Any CPU
		{342283E6-0222-4D9B-8E62-0EC4B4F8DE4B}.Debug|Any CPU.ActiveCfg = Debug|Any CPU
		{342283E6-0222-4D9B-8E62-0EC4B4F8DE4B}.Debug|Any CPU.Build.0 = Debug|Any CPU
		{342283E6-0222-4D9B-8E62-0EC4B4F8DE4B}.Release|Any CPU.ActiveCfg = Release|Any CPU
		{342283E6-0222-4D9B-8E62-0EC4B4F8DE4B}.Release|Any CPU.Build.0 = Release|Any CPU
	EndGlobalSection
	GlobalSection(SolutionProperties) = preSolution
		HideSolutionNode = FALSE
	EndGlobalSection
	GlobalSection(ExtensibilityGlobals) = postSolution
		SolutionGuid = {15819C9A-88AD-4F1B-8808-ED6145F90526}
	EndGlobalSection
EndGlobal
